// !$*UTF8*$!
{
	archiveVersion = 1;
	classes = {
	};
	objectVersion = 46;
	objects = {

/* Begin PBXBuildFile section */
		2CBF71B71E6887AD00248B4D /* GameManager.swift in Sources */ = {isa = PBXBuildFile; fileRef = 2CBF71B61E6887AC00248B4D /* GameManager.swift */; };
		2CBF71B91E6887EA00248B4D /* WaveManager.swift in Sources */ = {isa = PBXBuildFile; fileRef = 2CBF71B81E6887EA00248B4D /* WaveManager.swift */; };
		2CBF71BB1E6887FB00248B4D /* LayersManager.swift in Sources */ = {isa = PBXBuildFile; fileRef = 2CBF71BA1E6887FB00248B4D /* LayersManager.swift */; };
		2CBF71BD1E68881F00248B4D /* EntitiesManager.swift in Sources */ = {isa = PBXBuildFile; fileRef = 2CBF71BC1E68881F00248B4D /* EntitiesManager.swift */; };
		2CBF71BF1E68883100248B4D /* LevelManager.swift in Sources */ = {isa = PBXBuildFile; fileRef = 2CBF71BE1E68883100248B4D /* LevelManager.swift */; };
		2CBF71C21E68899B00248B4D /* State.swift in Sources */ = {isa = PBXBuildFile; fileRef = 2CBF71C11E68899B00248B4D /* State.swift */; };
		2CBF71C41E6889BD00248B4D /* ActiveState.swift in Sources */ = {isa = PBXBuildFile; fileRef = 2CBF71C31E6889BD00248B4D /* ActiveState.swift */; };
		2CBF71C61E688A2C00248B4D /* LoseState.swift in Sources */ = {isa = PBXBuildFile; fileRef = 2CBF71C51E688A2C00248B4D /* LoseState.swift */; };
		2CBF71C81E688A5300248B4D /* ReadyState.swift in Sources */ = {isa = PBXBuildFile; fileRef = 2CBF71C71E688A5300248B4D /* ReadyState.swift */; };
		2CBF71CA1E688A9300248B4D /* WinState.swift in Sources */ = {isa = PBXBuildFile; fileRef = 2CBF71C91E688A9300248B4D /* WinState.swift */; };
		2CBF71CC1E688AB500248B4D /* PausedState.swift in Sources */ = {isa = PBXBuildFile; fileRef = 2CBF71CB1E688AB500248B4D /* PausedState.swift */; };
		2CBF71CF1E688E9300248B4D /* EnemyEntity.swift in Sources */ = {isa = PBXBuildFile; fileRef = 2CBF71CE1E688E9300248B4D /* EnemyEntity.swift */; };
		2CBF71D21E688F3600248B4D /* Utils.swift in Sources */ = {isa = PBXBuildFile; fileRef = 2CBF71D11E688F3600248B4D /* Utils.swift */; };
		2CBF71D61E6892DE00248B4D /* Tile.swift in Sources */ = {isa = PBXBuildFile; fileRef = 2CBF71D51E6892DE00248B4D /* Tile.swift */; };
		2CBF71D91E68931200248B4D /* TileMap.swift in Sources */ = {isa = PBXBuildFile; fileRef = 2CBF71D81E68931200248B4D /* TileMap.swift */; };
		2CBF71DB1E6893BA00248B4D /* ISOTileMap.swift in Sources */ = {isa = PBXBuildFile; fileRef = 2CBF71DA1E6893BA00248B4D /* ISOTileMap.swift */; };
		2CBF71DD1E68945F00248B4D /* Viewport.swift in Sources */ = {isa = PBXBuildFile; fileRef = 2CBF71DC1E68945F00248B4D /* Viewport.swift */; };
		2CBF71DF1E6894C500248B4D /* TileSet.swift in Sources */ = {isa = PBXBuildFile; fileRef = 2CBF71DE1E6894C500248B4D /* TileSet.swift */; };
		2CBF71E21E68957B00248B4D /* TilemapLayer.swift in Sources */ = {isa = PBXBuildFile; fileRef = 2CBF71E11E68957B00248B4D /* TilemapLayer.swift */; };
		2CBF71E41E68961800248B4D /* GridLayer.swift in Sources */ = {isa = PBXBuildFile; fileRef = 2CBF71E31E68961800248B4D /* GridLayer.swift */; };
		2CBF71E71E68AD0F00248B4D /* SpriteComponent.swift in Sources */ = {isa = PBXBuildFile; fileRef = 2CBF71E61E68AD0F00248B4D /* SpriteComponent.swift */; };
		2CBF71E91E68AD4B00248B4D /* ShadowComponent.swift in Sources */ = {isa = PBXBuildFile; fileRef = 2CBF71E81E68AD4B00248B4D /* ShadowComponent.swift */; };
		2CBF71EB1E68AD6500248B4D /* HealthComponent.swift in Sources */ = {isa = PBXBuildFile; fileRef = 2CBF71EA1E68AD6500248B4D /* HealthComponent.swift */; };
		2CBF71ED1E68AD9900248B4D /* AnimationComponent.swift in Sources */ = {isa = PBXBuildFile; fileRef = 2CBF71EC1E68AD9900248B4D /* AnimationComponent.swift */; };
		2CBF71EF1E68ADB000248B4D /* FiringComponent.swift in Sources */ = {isa = PBXBuildFile; fileRef = 2CBF71EE1E68ADB000248B4D /* FiringComponent.swift */; };
		2CBF71F11E68AE0A00248B4D /* MoveComponent.swift in Sources */ = {isa = PBXBuildFile; fileRef = 2CBF71F01E68AE0A00248B4D /* MoveComponent.swift */; };
		2CBF71F31E68AE3300248B4D /* DamagingComponent.swift in Sources */ = {isa = PBXBuildFile; fileRef = 2CBF71F21E68AE3300248B4D /* DamagingComponent.swift */; };
		2CBF71F51E68B84F00248B4D /* TowerEntity.swift in Sources */ = {isa = PBXBuildFile; fileRef = 2CBF71F41E68B84F00248B4D /* TowerEntity.swift */; };
		2CD320F01E54AFBF00025D8B /* AppDelegate.swift in Sources */ = {isa = PBXBuildFile; fileRef = 2CD320EF1E54AFBF00025D8B /* AppDelegate.swift */; };
		2CD320F21E54AFBF00025D8B /* GameScene.sks in Resources */ = {isa = PBXBuildFile; fileRef = 2CD320F11E54AFBF00025D8B /* GameScene.sks */; };
		2CD320F61E54AFBF00025D8B /* GameScene.swift in Sources */ = {isa = PBXBuildFile; fileRef = 2CD320F51E54AFBF00025D8B /* GameScene.swift */; };
		2CD320F81E54AFBF00025D8B /* GameViewController.swift in Sources */ = {isa = PBXBuildFile; fileRef = 2CD320F71E54AFBF00025D8B /* GameViewController.swift */; };
		2CD320FB1E54AFBF00025D8B /* Main.storyboard in Resources */ = {isa = PBXBuildFile; fileRef = 2CD320F91E54AFBF00025D8B /* Main.storyboard */; };
		2CD320FD1E54AFBF00025D8B /* Assets.xcassets in Resources */ = {isa = PBXBuildFile; fileRef = 2CD320FC1E54AFBF00025D8B /* Assets.xcassets */; };
		2CD321001E54AFBF00025D8B /* LaunchScreen.storyboard in Resources */ = {isa = PBXBuildFile; fileRef = 2CD320FE1E54AFBF00025D8B /* LaunchScreen.storyboard */; };
/* End PBXBuildFile section */

/* Begin PBXFileReference section */
		2CBF71B61E6887AC00248B4D /* GameManager.swift */ = {isa = PBXFileReference; fileEncoding = 4; lastKnownFileType = sourcecode.swift; path = GameManager.swift; sourceTree = "<group>"; };
		2CBF71B81E6887EA00248B4D /* WaveManager.swift */ = {isa = PBXFileReference; fileEncoding = 4; lastKnownFileType = sourcecode.swift; path = WaveManager.swift; sourceTree = "<group>"; };
		2CBF71BA1E6887FB00248B4D /* LayersManager.swift */ = {isa = PBXFileReference; fileEncoding = 4; lastKnownFileType = sourcecode.swift; path = LayersManager.swift; sourceTree = "<group>"; };
		2CBF71BC1E68881F00248B4D /* EntitiesManager.swift */ = {isa = PBXFileReference; fileEncoding = 4; lastKnownFileType = sourcecode.swift; path = EntitiesManager.swift; sourceTree = "<group>"; };
		2CBF71BE1E68883100248B4D /* LevelManager.swift */ = {isa = PBXFileReference; fileEncoding = 4; lastKnownFileType = sourcecode.swift; path = LevelManager.swift; sourceTree = "<group>"; };
		2CBF71C11E68899B00248B4D /* State.swift */ = {isa = PBXFileReference; fileEncoding = 4; lastKnownFileType = sourcecode.swift; path = State.swift; sourceTree = "<group>"; };
		2CBF71C31E6889BD00248B4D /* ActiveState.swift */ = {isa = PBXFileReference; fileEncoding = 4; lastKnownFileType = sourcecode.swift; path = ActiveState.swift; sourceTree = "<group>"; };
		2CBF71C51E688A2C00248B4D /* LoseState.swift */ = {isa = PBXFileReference; fileEncoding = 4; lastKnownFileType = sourcecode.swift; path = LoseState.swift; sourceTree = "<group>"; };
		2CBF71C71E688A5300248B4D /* ReadyState.swift */ = {isa = PBXFileReference; fileEncoding = 4; lastKnownFileType = sourcecode.swift; path = ReadyState.swift; sourceTree = "<group>"; };
		2CBF71C91E688A9300248B4D /* WinState.swift */ = {isa = PBXFileReference; fileEncoding = 4; lastKnownFileType = sourcecode.swift; path = WinState.swift; sourceTree = "<group>"; };
		2CBF71CB1E688AB500248B4D /* PausedState.swift */ = {isa = PBXFileReference; fileEncoding = 4; lastKnownFileType = sourcecode.swift; path = PausedState.swift; sourceTree = "<group>"; };
		2CBF71CE1E688E9300248B4D /* EnemyEntity.swift */ = {isa = PBXFileReference; fileEncoding = 4; lastKnownFileType = sourcecode.swift; path = EnemyEntity.swift; sourceTree = "<group>"; };
		2CBF71D11E688F3600248B4D /* Utils.swift */ = {isa = PBXFileReference; fileEncoding = 4; lastKnownFileType = sourcecode.swift; path = Utils.swift; sourceTree = "<group>"; };
		2CBF71D51E6892DE00248B4D /* Tile.swift */ = {isa = PBXFileReference; fileEncoding = 4; lastKnownFileType = sourcecode.swift; path = Tile.swift; sourceTree = "<group>"; };
		2CBF71D81E68931200248B4D /* TileMap.swift */ = {isa = PBXFileReference; fileEncoding = 4; lastKnownFileType = sourcecode.swift; path = TileMap.swift; sourceTree = "<group>"; };
		2CBF71DA1E6893BA00248B4D /* ISOTileMap.swift */ = {isa = PBXFileReference; fileEncoding = 4; lastKnownFileType = sourcecode.swift; path = ISOTileMap.swift; sourceTree = "<group>"; };
		2CBF71DC1E68945F00248B4D /* Viewport.swift */ = {isa = PBXFileReference; fileEncoding = 4; lastKnownFileType = sourcecode.swift; path = Viewport.swift; sourceTree = "<group>"; };
		2CBF71DE1E6894C500248B4D /* TileSet.swift */ = {isa = PBXFileReference; fileEncoding = 4; lastKnownFileType = sourcecode.swift; path = TileSet.swift; sourceTree = "<group>"; };
		2CBF71E11E68957B00248B4D /* TilemapLayer.swift */ = {isa = PBXFileReference; fileEncoding = 4; lastKnownFileType = sourcecode.swift; path = TilemapLayer.swift; sourceTree = "<group>"; };
		2CBF71E31E68961800248B4D /* GridLayer.swift */ = {isa = PBXFileReference; fileEncoding = 4; lastKnownFileType = sourcecode.swift; path = GridLayer.swift; sourceTree = "<group>"; };
		2CBF71E61E68AD0F00248B4D /* SpriteComponent.swift */ = {isa = PBXFileReference; fileEncoding = 4; lastKnownFileType = sourcecode.swift; path = SpriteComponent.swift; sourceTree = "<group>"; };
		2CBF71E81E68AD4B00248B4D /* ShadowComponent.swift */ = {isa = PBXFileReference; fileEncoding = 4; lastKnownFileType = sourcecode.swift; path = ShadowComponent.swift; sourceTree = "<group>"; };
		2CBF71EA1E68AD6500248B4D /* HealthComponent.swift */ = {isa = PBXFileReference; fileEncoding = 4; lastKnownFileType = sourcecode.swift; path = HealthComponent.swift; sourceTree = "<group>"; };
		2CBF71EC1E68AD9900248B4D /* AnimationComponent.swift */ = {isa = PBXFileReference; fileEncoding = 4; lastKnownFileType = sourcecode.swift; path = AnimationComponent.swift; sourceTree = "<group>"; };
		2CBF71EE1E68ADB000248B4D /* FiringComponent.swift */ = {isa = PBXFileReference; fileEncoding = 4; lastKnownFileType = sourcecode.swift; path = FiringComponent.swift; sourceTree = "<group>"; };
		2CBF71F01E68AE0A00248B4D /* MoveComponent.swift */ = {isa = PBXFileReference; fileEncoding = 4; lastKnownFileType = sourcecode.swift; path = MoveComponent.swift; sourceTree = "<group>"; };
		2CBF71F21E68AE3300248B4D /* DamagingComponent.swift */ = {isa = PBXFileReference; fileEncoding = 4; lastKnownFileType = sourcecode.swift; path = DamagingComponent.swift; sourceTree = "<group>"; };
		2CBF71F41E68B84F00248B4D /* TowerEntity.swift */ = {isa = PBXFileReference; fileEncoding = 4; lastKnownFileType = sourcecode.swift; path = TowerEntity.swift; sourceTree = "<group>"; };
		2CD320EC1E54AFBF00025D8B /* RussiansVsZombies.app */ = {isa = PBXFileReference; explicitFileType = wrapper.application; includeInIndex = 0; path = RussiansVsZombies.app; sourceTree = BUILT_PRODUCTS_DIR; };
		2CD320EF1E54AFBF00025D8B /* AppDelegate.swift */ = {isa = PBXFileReference; lastKnownFileType = sourcecode.swift; path = AppDelegate.swift; sourceTree = "<group>"; };
		2CD320F11E54AFBF00025D8B /* GameScene.sks */ = {isa = PBXFileReference; lastKnownFileType = file.sks; path = GameScene.sks; sourceTree = "<group>"; };
		2CD320F51E54AFBF00025D8B /* GameScene.swift */ = {isa = PBXFileReference; lastKnownFileType = sourcecode.swift; path = GameScene.swift; sourceTree = "<group>"; };
		2CD320F71E54AFBF00025D8B /* GameViewController.swift */ = {isa = PBXFileReference; lastKnownFileType = sourcecode.swift; path = GameViewController.swift; sourceTree = "<group>"; };
		2CD320FA1E54AFBF00025D8B /* Base */ = {isa = PBXFileReference; lastKnownFileType = file.storyboard; name = Base; path = Base.lproj/Main.storyboard; sourceTree = "<group>"; };
		2CD320FC1E54AFBF00025D8B /* Assets.xcassets */ = {isa = PBXFileReference; lastKnownFileType = folder.assetcatalog; path = Assets.xcassets; sourceTree = "<group>"; };
		2CD320FF1E54AFBF00025D8B /* Base */ = {isa = PBXFileReference; lastKnownFileType = file.storyboard; name = Base; path = Base.lproj/LaunchScreen.storyboard; sourceTree = "<group>"; };
		2CD321011E54AFBF00025D8B /* Info.plist */ = {isa = PBXFileReference; lastKnownFileType = text.plist.xml; path = Info.plist; sourceTree = "<group>"; };
/* End PBXFileReference section */

/* Begin PBXFrameworksBuildPhase section */
		2CD320E91E54AFBF00025D8B /* Frameworks */ = {
			isa = PBXFrameworksBuildPhase;
			buildActionMask = 2147483647;
			files = (
			);
			runOnlyForDeploymentPostprocessing = 0;
		};
/* End PBXFrameworksBuildPhase section */

/* Begin PBXGroup section */
		2CBF71B31E68865900248B4D /* Supporting Files */ = {
			isa = PBXGroup;
			children = (
				2CD320EF1E54AFBF00025D8B /* AppDelegate.swift */,
				2CD320F91E54AFBF00025D8B /* Main.storyboard */,
				2CD320FE1E54AFBF00025D8B /* LaunchScreen.storyboard */,
				2CD321011E54AFBF00025D8B /* Info.plist */,
			);
			name = "Supporting Files";
			sourceTree = "<group>";
		};
		2CBF71B41E6886B800248B4D /* Game */ = {
			isa = PBXGroup;
			children = (
				2CBF71E51E68ACED00248B4D /* Components */,
				2CBF71D31E68929C00248B4D /* Map */,
				2CBF71CD1E688E8300248B4D /* Entities */,
				2CBF71C01E68895000248B4D /* States */,
				2CBF71B51E68879300248B4D /* Managers */,
				2CD320F11E54AFBF00025D8B /* GameScene.sks */,
				2CD320F51E54AFBF00025D8B /* GameScene.swift */,
			);
			name = Game;
			sourceTree = "<group>";
		};
		2CBF71B51E68879300248B4D /* Managers */ = {
			isa = PBXGroup;
			children = (
				2CBF71B61E6887AC00248B4D /* GameManager.swift */,
				2CBF71B81E6887EA00248B4D /* WaveManager.swift */,
				2CBF71BA1E6887FB00248B4D /* LayersManager.swift */,
				2CBF71BC1E68881F00248B4D /* EntitiesManager.swift */,
				2CBF71BE1E68883100248B4D /* LevelManager.swift */,
			);
			name = Managers;
			sourceTree = "<group>";
		};
		2CBF71C01E68895000248B4D /* States */ = {
			isa = PBXGroup;
			children = (
				2CBF71C11E68899B00248B4D /* State.swift */,
				2CBF71C31E6889BD00248B4D /* ActiveState.swift */,
				2CBF71C51E688A2C00248B4D /* LoseState.swift */,
				2CBF71C71E688A5300248B4D /* ReadyState.swift */,
				2CBF71C91E688A9300248B4D /* WinState.swift */,
				2CBF71CB1E688AB500248B4D /* PausedState.swift */,
			);
			name = States;
			sourceTree = "<group>";
		};
		2CBF71CD1E688E8300248B4D /* Entities */ = {
			isa = PBXGroup;
			children = (
				2CBF71CE1E688E9300248B4D /* EnemyEntity.swift */,
				2CBF71F41E68B84F00248B4D /* TowerEntity.swift */,
			);
			name = Entities;
			sourceTree = "<group>";
		};
		2CBF71D01E688F1600248B4D /* Utils */ = {
			isa = PBXGroup;
			children = (
				2CBF71D11E688F3600248B4D /* Utils.swift */,
			);
			name = Utils;
			sourceTree = "<group>";
		};
		2CBF71D31E68929C00248B4D /* Map */ = {
			isa = PBXGroup;
			children = (
				2CBF71E01E68953E00248B4D /* Layers */,
				2CBF71D71E68930700248B4D /* Model */,
				2CBF71D41E6892D000248B4D /* Tile */,
				2CBF71DC1E68945F00248B4D /* Viewport.swift */,
			);
			name = Map;
			sourceTree = "<group>";
		};
		2CBF71D41E6892D000248B4D /* Tile */ = {
			isa = PBXGroup;
			children = (
				2CBF71D51E6892DE00248B4D /* Tile.swift */,
				2CBF71DE1E6894C500248B4D /* TileSet.swift */,
			);
			name = Tile;
			sourceTree = "<group>";
		};
		2CBF71D71E68930700248B4D /* Model */ = {
			isa = PBXGroup;
			children = (
				2CBF71D81E68931200248B4D /* TileMap.swift */,
				2CBF71DA1E6893BA00248B4D /* ISOTileMap.swift */,
			);
			name = Model;
			sourceTree = "<group>";
		};
		2CBF71E01E68953E00248B4D /* Layers */ = {
			isa = PBXGroup;
			children = (
				2CBF71E11E68957B00248B4D /* TilemapLayer.swift */,
				2CBF71E31E68961800248B4D /* GridLayer.swift */,
			);
			name = Layers;
			sourceTree = "<group>";
		};
		2CBF71E51E68ACED00248B4D /* Components */ = {
			isa = PBXGroup;
			children = (
				2CBF71E61E68AD0F00248B4D /* SpriteComponent.swift */,
				2CBF71E81E68AD4B00248B4D /* ShadowComponent.swift */,
				2CBF71EA1E68AD6500248B4D /* HealthComponent.swift */,
				2CBF71EC1E68AD9900248B4D /* AnimationComponent.swift */,
				2CBF71EE1E68ADB000248B4D /* FiringComponent.swift */,
				2CBF71F01E68AE0A00248B4D /* MoveComponent.swift */,
				2CBF71F21E68AE3300248B4D /* DamagingComponent.swift */,
			);
			name = Components;
			sourceTree = "<group>";
		};
		2CD320E31E54AFBF00025D8B = {
			isa = PBXGroup;
			children = (
				2CD320EE1E54AFBF00025D8B /* RussiansVsZombies */,
				2CD320ED1E54AFBF00025D8B /* Products */,
			);
			sourceTree = "<group>";
		};
		2CD320ED1E54AFBF00025D8B /* Products */ = {
			isa = PBXGroup;
			children = (
				2CD320EC1E54AFBF00025D8B /* RussiansVsZombies.app */,
			);
			name = Products;
			sourceTree = "<group>";
		};
		2CD320EE1E54AFBF00025D8B /* RussiansVsZombies */ = {
			isa = PBXGroup;
			children = (
				2CBF71D01E688F1600248B4D /* Utils */,
				2CBF71B41E6886B800248B4D /* Game */,
				2CD320F71E54AFBF00025D8B /* GameViewController.swift */,
				2CD320FC1E54AFBF00025D8B /* Assets.xcassets */,
				2CBF71B31E68865900248B4D /* Supporting Files */,
			);
			path = RussiansVsZombies;
			sourceTree = "<group>";
		};
/* End PBXGroup section */

/* Begin PBXNativeTarget section */
		2CD320EB1E54AFBF00025D8B /* RussiansVsZombies */ = {
			isa = PBXNativeTarget;
			buildConfigurationList = 2CD321041E54AFBF00025D8B /* Build configuration list for PBXNativeTarget "RussiansVsZombies" */;
			buildPhases = (
				2CD320E81E54AFBF00025D8B /* Sources */,
				2CD320E91E54AFBF00025D8B /* Frameworks */,
				2CD320EA1E54AFBF00025D8B /* Resources */,
			);
			buildRules = (
			);
			dependencies = (
			);
			name = RussiansVsZombies;
			productName = RussiansVsZombies;
			productReference = 2CD320EC1E54AFBF00025D8B /* RussiansVsZombies.app */;
			productType = "com.apple.product-type.application";
		};
/* End PBXNativeTarget section */

/* Begin PBXProject section */
		2CD320E41E54AFBF00025D8B /* Project object */ = {
			isa = PBXProject;
			attributes = {
				LastSwiftUpdateCheck = 0820;
				LastUpgradeCheck = 0820;
				ORGANIZATIONNAME = "Dmitriy Kapitun";
				TargetAttributes = {
					2CD320EB1E54AFBF00025D8B = {
						CreatedOnToolsVersion = 8.2.1;
						ProvisioningStyle = Automatic;
					};
				};
			};
			buildConfigurationList = 2CD320E71E54AFBF00025D8B /* Build configuration list for PBXProject "RussiansVsZombies" */;
			compatibilityVersion = "Xcode 3.2";
			developmentRegion = English;
			hasScannedForEncodings = 0;
			knownRegions = (
				en,
				Base,
			);
			mainGroup = 2CD320E31E54AFBF00025D8B;
			productRefGroup = 2CD320ED1E54AFBF00025D8B /* Products */;
			projectDirPath = "";
			projectRoot = "";
			targets = (
				2CD320EB1E54AFBF00025D8B /* RussiansVsZombies */,
			);
		};
/* End PBXProject section */

/* Begin PBXResourcesBuildPhase section */
		2CD320EA1E54AFBF00025D8B /* Resources */ = {
			isa = PBXResourcesBuildPhase;
			buildActionMask = 2147483647;
			files = (
				2CD320FB1E54AFBF00025D8B /* Main.storyboard in Resources */,
				2CD320F21E54AFBF00025D8B /* GameScene.sks in Resources */,
				2CD320FD1E54AFBF00025D8B /* Assets.xcassets in Resources */,
				2CD321001E54AFBF00025D8B /* LaunchScreen.storyboard in Resources */,
			);
			runOnlyForDeploymentPostprocessing = 0;
		};
/* End PBXResourcesBuildPhase section */

/* Begin PBXSourcesBuildPhase section */
		2CD320E81E54AFBF00025D8B /* Sources */ = {
			isa = PBXSourcesBuildPhase;
			buildActionMask = 2147483647;
			files = (
				2CBF71F51E68B84F00248B4D /* TowerEntity.swift in Sources */,
				2CBF71D61E6892DE00248B4D /* Tile.swift in Sources */,
				2CBF71F11E68AE0A00248B4D /* MoveComponent.swift in Sources */,
				2CBF71DF1E6894C500248B4D /* TileSet.swift in Sources */,
				2CBF71BF1E68883100248B4D /* LevelManager.swift in Sources */,
				2CD320F61E54AFBF00025D8B /* GameScene.swift in Sources */,
				2CBF71C61E688A2C00248B4D /* LoseState.swift in Sources */,
				2CBF71B71E6887AD00248B4D /* GameManager.swift in Sources */,
				2CBF71B91E6887EA00248B4D /* WaveManager.swift in Sources */,
				2CBF71CA1E688A9300248B4D /* WinState.swift in Sources */,
				2CBF71E91E68AD4B00248B4D /* ShadowComponent.swift in Sources */,
				2CD320F81E54AFBF00025D8B /* GameViewController.swift in Sources */,
				2CBF71EF1E68ADB000248B4D /* FiringComponent.swift in Sources */,
				2CBF71D21E688F3600248B4D /* Utils.swift in Sources */,
				2CBF71F31E68AE3300248B4D /* DamagingComponent.swift in Sources */,
				2CBF71E71E68AD0F00248B4D /* SpriteComponent.swift in Sources */,
				2CBF71ED1E68AD9900248B4D /* AnimationComponent.swift in Sources */,
				2CBF71DD1E68945F00248B4D /* Viewport.swift in Sources */,
				2CBF71C21E68899B00248B4D /* State.swift in Sources */,
				2CBF71BD1E68881F00248B4D /* EntitiesManager.swift in Sources */,
				2CBF71C41E6889BD00248B4D /* ActiveState.swift in Sources */,
				2CBF71C81E688A5300248B4D /* ReadyState.swift in Sources */,
				2CBF71EB1E68AD6500248B4D /* HealthComponent.swift in Sources */,
				2CBF71E41E68961800248B4D /* GridLayer.swift in Sources */,
				2CBF71DB1E6893BA00248B4D /* ISOTileMap.swift in Sources */,
				2CBF71CF1E688E9300248B4D /* EnemyEntity.swift in Sources */,
				2CD320F01E54AFBF00025D8B /* AppDelegate.swift in Sources */,
				2CBF71BB1E6887FB00248B4D /* LayersManager.swift in Sources */,
				2CBF71D91E68931200248B4D /* TileMap.swift in Sources */,
				2CBF71E21E68957B00248B4D /* TilemapLayer.swift in Sources */,
				2CBF71CC1E688AB500248B4D /* PausedState.swift in Sources */,
			);
			runOnlyForDeploymentPostprocessing = 0;
		};
/* End PBXSourcesBuildPhase section */

/* Begin PBXVariantGroup section */
		2CD320F91E54AFBF00025D8B /* Main.storyboard */ = {
			isa = PBXVariantGroup;
			children = (
				2CD320FA1E54AFBF00025D8B /* Base */,
			);
			name = Main.storyboard;
			sourceTree = "<group>";
		};
		2CD320FE1E54AFBF00025D8B /* LaunchScreen.storyboard */ = {
			isa = PBXVariantGroup;
			children = (
				2CD320FF1E54AFBF00025D8B /* Base */,
			);
			name = LaunchScreen.storyboard;
			sourceTree = "<group>";
		};
/* End PBXVariantGroup section */

/* Begin XCBuildConfiguration section */
		2CD321021E54AFBF00025D8B /* Debug */ = {
			isa = XCBuildConfiguration;
			buildSettings = {
				ALWAYS_SEARCH_USER_PATHS = NO;
				CLANG_ANALYZER_NONNULL = YES;
				CLANG_CXX_LANGUAGE_STANDARD = "gnu++0x";
				CLANG_CXX_LIBRARY = "libc++";
				CLANG_ENABLE_MODULES = YES;
				CLANG_ENABLE_OBJC_ARC = YES;
				CLANG_WARN_BOOL_CONVERSION = YES;
				CLANG_WARN_CONSTANT_CONVERSION = YES;
				CLANG_WARN_DIRECT_OBJC_ISA_USAGE = YES_ERROR;
				CLANG_WARN_DOCUMENTATION_COMMENTS = YES;
				CLANG_WARN_EMPTY_BODY = YES;
				CLANG_WARN_ENUM_CONVERSION = YES;
				CLANG_WARN_INFINITE_RECURSION = YES;
				CLANG_WARN_INT_CONVERSION = YES;
				CLANG_WARN_OBJC_ROOT_CLASS = YES_ERROR;
				CLANG_WARN_SUSPICIOUS_MOVE = YES;
				CLANG_WARN_UNREACHABLE_CODE = YES;
				CLANG_WARN__DUPLICATE_METHOD_MATCH = YES;
				"CODE_SIGN_IDENTITY[sdk=iphoneos*]" = "iPhone Developer";
				COPY_PHASE_STRIP = NO;
				DEBUG_INFORMATION_FORMAT = dwarf;
				ENABLE_STRICT_OBJC_MSGSEND = YES;
				ENABLE_TESTABILITY = YES;
				GCC_C_LANGUAGE_STANDARD = gnu99;
				GCC_DYNAMIC_NO_PIC = NO;
				GCC_NO_COMMON_BLOCKS = YES;
				GCC_OPTIMIZATION_LEVEL = 0;
				GCC_PREPROCESSOR_DEFINITIONS = (
					"DEBUG=1",
					"$(inherited)",
				);
				GCC_WARN_64_TO_32_BIT_CONVERSION = YES;
				GCC_WARN_ABOUT_RETURN_TYPE = YES_ERROR;
				GCC_WARN_UNDECLARED_SELECTOR = YES;
				GCC_WARN_UNINITIALIZED_AUTOS = YES_AGGRESSIVE;
				GCC_WARN_UNUSED_FUNCTION = YES;
				GCC_WARN_UNUSED_VARIABLE = YES;
				IPHONEOS_DEPLOYMENT_TARGET = 10.2;
				MTL_ENABLE_DEBUG_INFO = YES;
				ONLY_ACTIVE_ARCH = YES;
				SDKROOT = iphoneos;
				SWIFT_ACTIVE_COMPILATION_CONDITIONS = DEBUG;
				SWIFT_OPTIMIZATION_LEVEL = "-Onone";
			};
			name = Debug;
		};
		2CD321031E54AFBF00025D8B /* Release */ = {
			isa = XCBuildConfiguration;
			buildSettings = {
				ALWAYS_SEARCH_USER_PATHS = NO;
				CLANG_ANALYZER_NONNULL = YES;
				CLANG_CXX_LANGUAGE_STANDARD = "gnu++0x";
				CLANG_CXX_LIBRARY = "libc++";
				CLANG_ENABLE_MODULES = YES;
				CLANG_ENABLE_OBJC_ARC = YES;
				CLANG_WARN_BOOL_CONVERSION = YES;
				CLANG_WARN_CONSTANT_CONVERSION = YES;
				CLANG_WARN_DIRECT_OBJC_ISA_USAGE = YES_ERROR;
				CLANG_WARN_DOCUMENTATION_COMMENTS = YES;
				CLANG_WARN_EMPTY_BODY = YES;
				CLANG_WARN_ENUM_CONVERSION = YES;
				CLANG_WARN_INFINITE_RECURSION = YES;
				CLANG_WARN_INT_CONVERSION = YES;
				CLANG_WARN_OBJC_ROOT_CLASS = YES_ERROR;
				CLANG_WARN_SUSPICIOUS_MOVE = YES;
				CLANG_WARN_UNREACHABLE_CODE = YES;
				CLANG_WARN__DUPLICATE_METHOD_MATCH = YES;
				"CODE_SIGN_IDENTITY[sdk=iphoneos*]" = "iPhone Developer";
				COPY_PHASE_STRIP = NO;
				DEBUG_INFORMATION_FORMAT = "dwarf-with-dsym";
				ENABLE_NS_ASSERTIONS = NO;
				ENABLE_STRICT_OBJC_MSGSEND = YES;
				GCC_C_LANGUAGE_STANDARD = gnu99;
				GCC_NO_COMMON_BLOCKS = YES;
				GCC_WARN_64_TO_32_BIT_CONVERSION = YES;
				GCC_WARN_ABOUT_RETURN_TYPE = YES_ERROR;
				GCC_WARN_UNDECLARED_SELECTOR = YES;
				GCC_WARN_UNINITIALIZED_AUTOS = YES_AGGRESSIVE;
				GCC_WARN_UNUSED_FUNCTION = YES;
				GCC_WARN_UNUSED_VARIABLE = YES;
				IPHONEOS_DEPLOYMENT_TARGET = 10.2;
				MTL_ENABLE_DEBUG_INFO = NO;
				SDKROOT = iphoneos;
				SWIFT_OPTIMIZATION_LEVEL = "-Owholemodule";
				VALIDATE_PRODUCT = YES;
			};
			name = Release;
		};
		2CD321051E54AFBF00025D8B /* Debug */ = {
			isa = XCBuildConfiguration;
			buildSettings = {
				ASSETCATALOG_COMPILER_APPICON_NAME = AppIcon;
				INFOPLIST_FILE = RussiansVsZombies/Info.plist;
				IPHONEOS_DEPLOYMENT_TARGET = 10.2;
				LD_RUNPATH_SEARCH_PATHS = "$(inherited) @executable_path/Frameworks";
				PRODUCT_BUNDLE_IDENTIFIER = temp.RussiansVsZombies;
				PRODUCT_NAME = "$(TARGET_NAME)";
				SWIFT_VERSION = 3.0;
				TARGETED_DEVICE_FAMILY = 1;
			};
			name = Debug;
		};
		2CD321061E54AFBF00025D8B /* Release */ = {
			isa = XCBuildConfiguration;
			buildSettings = {
				ASSETCATALOG_COMPILER_APPICON_NAME = AppIcon;
				INFOPLIST_FILE = RussiansVsZombies/Info.plist;
				IPHONEOS_DEPLOYMENT_TARGET = 10.2;
				LD_RUNPATH_SEARCH_PATHS = "$(inherited) @executable_path/Frameworks";
				PRODUCT_BUNDLE_IDENTIFIER = temp.RussiansVsZombies;
				PRODUCT_NAME = "$(TARGET_NAME)";
				SWIFT_VERSION = 3.0;
				TARGETED_DEVICE_FAMILY = 1;
			};
			name = Release;
		};
/* End XCBuildConfiguration section */

/* Begin XCConfigurationList section */
		2CD320E71E54AFBF00025D8B /* Build configuration list for PBXProject "RussiansVsZombies" */ = {
			isa = XCConfigurationList;
			buildConfigurations = (
				2CD321021E54AFBF00025D8B /* Debug */,
				2CD321031E54AFBF00025D8B /* Release */,
			);
			defaultConfigurationIsVisible = 0;
			defaultConfigurationName = Release;
		};
		2CD321041E54AFBF00025D8B /* Build configuration list for PBXNativeTarget "RussiansVsZombies" */ = {
			isa = XCConfigurationList;
			buildConfigurations = (
				2CD321051E54AFBF00025D8B /* Debug */,
				2CD321061E54AFBF00025D8B /* Release */,
			);
			defaultConfigurationIsVisible = 0;
			defaultConfigurationName = Release;
		};
/* End XCConfigurationList section */
	};
	rootObject = 2CD320E41E54AFBF00025D8B /* Project object */;
}
